# THIS IS AN AUTOGENERATED FILE. DO NOT EDIT THIS FILE DIRECTLY.
# yarn lockfile v1


turbo-darwin-64@2.0.9:
  version "2.0.9"
  resolved "https://registry.yarnpkg.com/turbo-darwin-64/-/turbo-darwin-64-2.0.9.tgz#dc7bb92060a41b92155195dba5850c9669fa765a"
  integrity sha512-owlGsOaExuVGBUfrnJwjkL1BWlvefjSKczEAcpLx4BI7Oh6ttakOi+JyomkPkFlYElRpjbvlR2gP8WIn6M/+xQ==

turbo-darwin-arm64@2.0.9:
  version "2.0.9"
  resolved "https://registry.yarnpkg.com/turbo-darwin-arm64/-/turbo-darwin-arm64-2.0.9.tgz#6e5ce2c0f03999c6ec0116d5525841107da3078b"
  integrity sha512-XAXkKkePth5ZPPE/9G9tTnPQx0C8UTkGWmNGYkpmGgRr8NedW+HrPsi9N0HcjzzIH9A4TpNYvtiV+WcwdaEjKA==

turbo-linux-64@2.0.9:
  version "2.0.9"
  resolved "https://registry.yarnpkg.com/turbo-linux-64/-/turbo-linux-64-2.0.9.tgz#e00e5e1b1cffab23c58888e7c397e108dc24fe2f"
  integrity sha512-l9wSgEjrCFM1aG16zItBsZ206ZlhSSx1owB8Cgskfv0XyIXRGHRkluihiaxkp+UeU5WoEfz4EN5toc+ICA0q0w==

turbo-linux-arm64@2.0.9:
  version "2.0.9"
  resolved "https://registry.yarnpkg.com/turbo-linux-arm64/-/turbo-linux-arm64-2.0.9.tgz#d240e4f0a784d03f1a79fd9e6c4e83abd9aa57c7"
  integrity sha512-gRnjxXRne18B27SwxXMqL3fJu7jw/8kBrOBTBNRSmZZiG1Uu3nbnP7b4lgrA/bCku6C0Wligwqurvtpq6+nFHA==

turbo-windows-64@2.0.9:
  version "2.0.9"
  resolved "https://registry.yarnpkg.com/turbo-windows-64/-/turbo-windows-64-2.0.9.tgz#d52835302e722cc7de670b90aca55ce2b3516879"
  integrity sha512-ZVo0apxUvaRq4Vm1qhsfqKKhtRgReYlBVf9MQvVU1O9AoyydEQvLDO1ryqpXDZWpcHoFxHAQc9msjAMtE5K2lA==

turbo-windows-arm64@2.0.9:
  version "2.0.9"
  resolved "https://registry.yarnpkg.com/turbo-windows-arm64/-/turbo-windows-arm64-2.0.9.tgz#45f0aa685514ec1cc753a559924e003b22b24bb7"
  integrity sha512-sGRz7c5Pey6y7y9OKi8ypbWNuIRPF9y8xcMqL56OZifSUSo+X2EOsOleR9MKxQXVaqHPGOUKWsE6y8hxBi9pag==

turbo@^2.0.9:
  version "2.0.9"
  resolved "https://registry.yarnpkg.com/turbo/-/turbo-2.0.9.tgz#fa0ab576c4cb9a8fc9db648e9ac9adfe10a22ae5"
  integrity sha512-QaLaUL1CqblSKKPgLrFW3lZWkWG4pGBQNW+q1ScJB5v1D/nFWtsrD/yZljW/bdawg90ihi4/ftQJ3h6fz1FamA==
  optionalDependencies:
    turbo-darwin-64 "2.0.9"
    turbo-darwin-arm64 "2.0.9"
    turbo-linux-64 "2.0.9"
    turbo-linux-arm64 "2.0.9"
    turbo-windows-64 "2.0.9"
    turbo-windows-arm64 "2.0.9"
